
Microsoft Visual Studio Solution File, Format Version 12.00
# Visual Studio Version 17
VisualStudioVersion = 17.12.35707.178
MinimumVisualStudioVersion = 10.0.40219.1
Project("{FAE04EC0-301F-11D3-BF4B-00C04F79EFBC}") = "MinMCPSharp", "MinMCPSharp\MinMCPSharp.csproj", "{7FF8D00E-9DBA-435D-80E4-4F1F7E860CDA}"
EndProject
Project("{FAE04EC0-301F-11D3-BF4B-00C04F79EFBC}") = "MinMCPSharp.Example", "MinMCPSharp.Example\MinMCPSharp.Example.csproj", "{1A4D1BB7-973C-49AD-9564-F45D5B7703EF}"
EndProject
Project("{FAE04EC0-301F-11D3-BF4B-00C04F79EFBC}") = "MinMCPSharp.Test", "MinMCPSharp.Test\MinMCPSharp.Test.csproj", "{EAAC2C18-8A35-4CED-B407-582170A7A0F9}"
EndProject
Project("{FAE04EC0-301F-11D3-BF4B-00C04F79EFBC}") = "MinMCPSharp.ExternalExample", "MinMCPSharp.ExternalExample\MinMCPSharp.ExternalExample.csproj", "{6B4E00C3-6CAF-4493-9A4D-9AE602FA9E00}"
EndProject
Project("{2150E333-8FDC-42A3-9474-1A3956D46DE8}") = "MinMCPSharp.StdioTestServer", "MinMCPSharp.StdioTestServer", "{CD3DC6D4-5DA7-EB10-1EF9-D9930B211F54}"
EndProject
Project("{FAE04EC0-301F-11D3-BF4B-00C04F79EFBC}") = "StdioTestServer", "MinMCPSharp.StdioTestServer\StdioTestServer.csproj", "{23A73BF4-DD26-460D-A411-71622465850D}"
EndProject
Global
	GlobalSection(SolutionConfigurationPlatforms) = preSolution
		Debug|Any CPU = Debug|Any CPU
		Debug|x64 = Debug|x64
		Debug|x86 = Debug|x86
		Release|Any CPU = Release|Any CPU
		Release|x64 = Release|x64
		Release|x86 = Release|x86
	EndGlobalSection
	GlobalSection(ProjectConfigurationPlatforms) = postSolution
		{7FF8D00E-9DBA-435D-80E4-4F1F7E860CDA}.Debug|Any CPU.ActiveCfg = Debug|Any CPU
		{7FF8D00E-9DBA-435D-80E4-4F1F7E860CDA}.Debug|Any CPU.Build.0 = Debug|Any CPU
		{7FF8D00E-9DBA-435D-80E4-4F1F7E860CDA}.Debug|x64.ActiveCfg = Debug|Any CPU
		{7FF8D00E-9DBA-435D-80E4-4F1F7E860CDA}.Debug|x64.Build.0 = Debug|Any CPU
		{7FF8D00E-9DBA-435D-80E4-4F1F7E860CDA}.Debug|x86.ActiveCfg = Debug|Any CPU
		{7FF8D00E-9DBA-435D-80E4-4F1F7E860CDA}.Debug|x86.Build.0 = Debug|Any CPU
		{7FF8D00E-9DBA-435D-80E4-4F1F7E860CDA}.Release|Any CPU.ActiveCfg = Release|Any CPU
		{7FF8D00E-9DBA-435D-80E4-4F1F7E860CDA}.Release|Any CPU.Build.0 = Release|Any CPU
		{7FF8D00E-9DBA-435D-80E4-4F1F7E860CDA}.Release|x64.ActiveCfg = Release|Any CPU
		{7FF8D00E-9DBA-435D-80E4-4F1F7E860CDA}.Release|x64.Build.0 = Release|Any CPU
		{7FF8D00E-9DBA-435D-80E4-4F1F7E860CDA}.Release|x86.ActiveCfg = Release|Any CPU
		{7FF8D00E-9DBA-435D-80E4-4F1F7E860CDA}.Release|x86.Build.0 = Release|Any CPU
		{1A4D1BB7-973C-49AD-9564-F45D5B7703EF}.Debug|Any CPU.ActiveCfg = Debug|Any CPU
		{1A4D1BB7-973C-49AD-9564-F45D5B7703EF}.Debug|Any CPU.Build.0 = Debug|Any CPU
		{1A4D1BB7-973C-49AD-9564-F45D5B7703EF}.Debug|x64.ActiveCfg = Debug|Any CPU
		{1A4D1BB7-973C-49AD-9564-F45D5B7703EF}.Debug|x64.Build.0 = Debug|Any CPU
		{1A4D1BB7-973C-49AD-9564-F45D5B7703EF}.Debug|x86.ActiveCfg = Debug|Any CPU
		{1A4D1BB7-973C-49AD-9564-F45D5B7703EF}.Debug|x86.Build.0 = Debug|Any CPU
		{1A4D1BB7-973C-49AD-9564-F45D5B7703EF}.Release|Any CPU.ActiveCfg = Release|Any CPU
		{1A4D1BB7-973C-49AD-9564-F45D5B7703EF}.Release|Any CPU.Build.0 = Release|Any CPU
		{1A4D1BB7-973C-49AD-9564-F45D5B7703EF}.Release|x64.ActiveCfg = Release|Any CPU
		{1A4D1BB7-973C-49AD-9564-F45D5B7703EF}.Release|x64.Build.0 = Release|Any CPU
		{1A4D1BB7-973C-49AD-9564-F45D5B7703EF}.Release|x86.ActiveCfg = Release|Any CPU
		{1A4D1BB7-973C-49AD-9564-F45D5B7703EF}.Release|x86.Build.0 = Release|Any CPU
		{EAAC2C18-8A35-4CED-B407-582170A7A0F9}.Debug|Any CPU.ActiveCfg = Debug|Any CPU
		{EAAC2C18-8A35-4CED-B407-582170A7A0F9}.Debug|Any CPU.Build.0 = Debug|Any CPU
		{EAAC2C18-8A35-4CED-B407-582170A7A0F9}.Debug|x64.ActiveCfg = Debug|Any CPU
		{EAAC2C18-8A35-4CED-B407-582170A7A0F9}.Debug|x64.Build.0 = Debug|Any CPU
		{EAAC2C18-8A35-4CED-B407-582170A7A0F9}.Debug|x86.ActiveCfg = Debug|Any CPU
		{EAAC2C18-8A35-4CED-B407-582170A7A0F9}.Debug|x86.Build.0 = Debug|Any CPU
		{EAAC2C18-8A35-4CED-B407-582170A7A0F9}.Release|Any CPU.ActiveCfg = Release|Any CPU
		{EAAC2C18-8A35-4CED-B407-582170A7A0F9}.Release|Any CPU.Build.0 = Release|Any CPU
		{EAAC2C18-8A35-4CED-B407-582170A7A0F9}.Release|x64.ActiveCfg = Release|Any CPU
		{EAAC2C18-8A35-4CED-B407-582170A7A0F9}.Release|x64.Build.0 = Release|Any CPU
		{EAAC2C18-8A35-4CED-B407-582170A7A0F9}.Release|x86.ActiveCfg = Release|Any CPU
		{EAAC2C18-8A35-4CED-B407-582170A7A0F9}.Release|x86.Build.0 = Release|Any CPU
		{6B4E00C3-6CAF-4493-9A4D-9AE602FA9E00}.Debug|Any CPU.ActiveCfg = Debug|Any CPU
		{6B4E00C3-6CAF-4493-9A4D-9AE602FA9E00}.Debug|Any CPU.Build.0 = Debug|Any CPU
		{6B4E00C3-6CAF-4493-9A4D-9AE602FA9E00}.Debug|x64.ActiveCfg = Debug|Any CPU
		{6B4E00C3-6CAF-4493-9A4D-9AE602FA9E00}.Debug|x64.Build.0 = Debug|Any CPU
		{6B4E00C3-6CAF-4493-9A4D-9AE602FA9E00}.Debug|x86.ActiveCfg = Debug|Any CPU
		{6B4E00C3-6CAF-4493-9A4D-9AE602FA9E00}.Debug|x86.Build.0 = Debug|Any CPU
		{6B4E00C3-6CAF-4493-9A4D-9AE602FA9E00}.Release|Any CPU.ActiveCfg = Release|Any CPU
		{6B4E00C3-6CAF-4493-9A4D-9AE602FA9E00}.Release|Any CPU.Build.0 = Release|Any CPU
		{6B4E00C3-6CAF-4493-9A4D-9AE602FA9E00}.Release|x64.ActiveCfg = Release|Any CPU
		{6B4E00C3-6CAF-4493-9A4D-9AE602FA9E00}.Release|x64.Build.0 = Release|Any CPU
		{6B4E00C3-6CAF-4493-9A4D-9AE602FA9E00}.Release|x86.ActiveCfg = Release|Any CPU
		{6B4E00C3-6CAF-4493-9A4D-9AE602FA9E00}.Release|x86.Build.0 = Release|Any CPU
		{23A73BF4-DD26-460D-A411-71622465850D}.Debug|Any CPU.ActiveCfg = Debug|Any CPU
		{23A73BF4-DD26-460D-A411-71622465850D}.Debug|Any CPU.Build.0 = Debug|Any CPU
		{23A73BF4-DD26-460D-A411-71622465850D}.Debug|x64.ActiveCfg = Debug|Any CPU
		{23A73BF4-DD26-460D-A411-71622465850D}.Debug|x64.Build.0 = Debug|Any CPU
		{23A73BF4-DD26-460D-A411-71622465850D}.Debug|x86.ActiveCfg = Debug|Any CPU
		{23A73BF4-DD26-460D-A411-71622465850D}.Debug|x86.Build.0 = Debug|Any CPU
		{23A73BF4-DD26-460D-A411-71622465850D}.Release|Any CPU.ActiveCfg = Release|Any CPU
		{23A73BF4-DD26-460D-A411-71622465850D}.Release|Any CPU.Build.0 = Release|Any CPU
		{23A73BF4-DD26-460D-A411-71622465850D}.Release|x64.ActiveCfg = Release|Any CPU
		{23A73BF4-DD26-460D-A411-71622465850D}.Release|x64.Build.0 = Release|Any CPU
		{23A73BF4-DD26-460D-A411-71622465850D}.Release|x86.ActiveCfg = Release|Any CPU
		{23A73BF4-DD26-460D-A411-71622465850D}.Release|x86.Build.0 = Release|Any CPU
	EndGlobalSection
	GlobalSection(SolutionProperties) = preSolution
		HideSolutionNode = FALSE
	EndGlobalSection
	GlobalSection(NestedProjects) = preSolution
		{23A73BF4-DD26-460D-A411-71622465850D} = {CD3DC6D4-5DA7-EB10-1EF9-D9930B211F54}
	EndGlobalSection
	GlobalSection(ExtensibilityGlobals) = postSolution
		SolutionGuid = {D0575A42-F4D4-482C-AFD6-791313007E13}
	EndGlobalSection
EndGlobal
